<?xml version="1.0" encoding="utf-8"?>
<Project ToolsVersion="4.0" xmlns="http://schemas.microsoft.com/developer/msbuild/2003">
  <ItemGroup>
    <Filter Include="src">
      <UniqueIdentifier>{0ddf4702-1e65-4ec2-a01c-e76cf1260f13}</UniqueIdentifier>
    </Filter>
    <Filter Include="include">
      <UniqueIdentifier>{bc1defd6-9491-43b9-bf16-cc0fd87299b3}</UniqueIdentifier>
    </Filter>
    <Filter Include="shaders">
      <UniqueIdentifier>{0a075372-a43a-4081-b233-c1f5f4d6a632}</UniqueIdentifier>
    </Filter>
  </ItemGroup>
  <ItemGroup>
    <CudaCompile Include="main.cu">
      <Filter>src</Filter>
    </CudaCompile>
    <CudaCompile Include="window.cu">
      <Filter>src</Filter>
    </CudaCompile>
    <CudaCompile Include="ioniq_exception.cu">
      <Filter>src</Filter>
    </CudaCompile>
    <CudaCompile Include="application.cu">
      <Filter>src</Filter>
    </CudaCompile>
    <CudaCompile Include="Keyboard.cu">
      <Filter>src</Filter>
    </CudaCompile>
    <CudaCompile Include="timer.cu">
      <Filter>src</Filter>
    </CudaCompile>
    <CudaCompile Include="mouse.cu">
      <Filter>src</Filter>
    </CudaCompile>
    <CudaCompile Include="renderer.cu">
      <Filter>src</Filter>
    </CudaCompile>
    <CudaCompile Include="mesh.cu">
      <Filter>src</Filter>
    </CudaCompile>
    <CudaCompile Include="shader.cu">
      <Filter>src</Filter>
    </CudaCompile>
    <CudaCompile Include="matrix.cu">
      <Filter>src</Filter>
    </CudaCompile>
    <CudaCompile Include="ray.cu">
      <Filter>src</Filter>
    </CudaCompile>
    <CudaCompile Include="shape.cu">
      <Filter>src</Filter>
    </CudaCompile>
    <CudaCompile Include="scene.cu">
      <Filter>src</Filter>
    </CudaCompile>
    <CudaCompile Include="renderer_base.cu">
      <Filter>src</Filter>
    </CudaCompile>
    <CudaCompile Include="rasterizer.cu">
      <Filter>src</Filter>
    </CudaCompile>
    <CudaCompile Include="path_tracer.cu">
      <Filter>src</Filter>
    </CudaCompile>
    <CudaCompile Include="random.cu">
      <Filter>src</Filter>
    </CudaCompile>
    <CudaCompile Include="model.cu">
      <Filter>src</Filter>
    </CudaCompile>
    <CudaCompile Include="camera.cu">
      <Filter>src</Filter>
    </CudaCompile>
    <CudaCompile Include="material.cu">
      <Filter>src</Filter>
    </CudaCompile>
    <CudaCompile Include="onb.cu">
      <Filter>src</Filter>
    </CudaCompile>
  </ItemGroup>
  <ItemGroup>
    <ClInclude Include="ioniq_windows.h">
      <Filter>include</Filter>
    </ClInclude>
    <ClInclude Include="window.h">
      <Filter>include</Filter>
    </ClInclude>
    <ClInclude Include="ioniq_exception.h">
      <Filter>include</Filter>
    </ClInclude>
    <ClInclude Include="application.h">
      <Filter>include</Filter>
    </ClInclude>
    <ClInclude Include="core.h">
      <Filter>include</Filter>
    </ClInclude>
    <ClInclude Include="Keyboard.h">
      <Filter>include</Filter>
    </ClInclude>
    <ClInclude Include="timer.h">
      <Filter>include</Filter>
    </ClInclude>
    <ClInclude Include="mouse.h">
      <Filter>include</Filter>
    </ClInclude>
    <ClInclude Include="renderer.h">
      <Filter>include</Filter>
    </ClInclude>
    <ClInclude Include="mesh.h">
      <Filter>include</Filter>
    </ClInclude>
    <ClInclude Include="shader.h">
      <Filter>include</Filter>
    </ClInclude>
    <ClInclude Include="vector.h">
      <Filter>include</Filter>
    </ClInclude>
    <ClInclude Include="matrix.h">
      <Filter>include</Filter>
    </ClInclude>
    <ClInclude Include="iqmath.h">
      <Filter>include</Filter>
    </ClInclude>
    <ClInclude Include="ray.h">
      <Filter>include</Filter>
    </ClInclude>
    <ClInclude Include="shape.h">
      <Filter>include</Filter>
    </ClInclude>
    <ClInclude Include="scene.h">
      <Filter>include</Filter>
    </ClInclude>
    <ClInclude Include="renderer_template.h">
      <Filter>include</Filter>
    </ClInclude>
    <ClInclude Include="renderer_base.h">
      <Filter>include</Filter>
    </ClInclude>
    <ClInclude Include="rasterizer.h">
      <Filter>include</Filter>
    </ClInclude>
    <ClInclude Include="path_tracer.h">
      <Filter>include</Filter>
    </ClInclude>
    <ClInclude Include="random.h">
      <Filter>include</Filter>
    </ClInclude>
    <ClInclude Include="model.h">
      <Filter>include</Filter>
    </ClInclude>
    <ClInclude Include="camera.h">
      <Filter>include</Filter>
    </ClInclude>
    <ClInclude Include="material.h">
      <Filter>include</Filter>
    </ClInclude>
    <ClInclude Include="onb.h">
      <Filter>include</Filter>
    </ClInclude>
  </ItemGroup>
  <ItemGroup>
    <FxCompile Include="vertex_shader.hlsl">
      <Filter>shaders</Filter>
    </FxCompile>
    <FxCompile Include="pixel_shader.hlsl">
      <Filter>shaders</Filter>
    </FxCompile>
    <FxCompile Include="bg_vert_shader.hlsl">
      <Filter>shaders</Filter>
    </FxCompile>
    <FxCompile Include="bg_pixel_shader.hlsl">
      <Filter>shaders</Filter>
    </FxCompile>
    <FxCompile Include="PTVertexShader.hlsl">
      <Filter>shaders</Filter>
    </FxCompile>
    <FxCompile Include="PTPixelShader.hlsl">
      <Filter>shaders</Filter>
    </FxCompile>
  </ItemGroup>
</Project>