<?xml version="1.0" encoding="utf-8"?>
<Project ToolsVersion="4.0" xmlns="http://schemas.microsoft.com/developer/msbuild/2003">
  <ItemGroup>
    <Filter Include="src">
      <UniqueIdentifier>{0ddf4702-1e65-4ec2-a01c-e76cf1260f13}</UniqueIdentifier>
    </Filter>
    <Filter Include="include">
      <UniqueIdentifier>{bc1defd6-9491-43b9-bf16-cc0fd87299b3}</UniqueIdentifier>
    </Filter>
  </ItemGroup>
  <ItemGroup>
    <CudaCompile Include="main.cu">
      <Filter>src</Filter>
    </CudaCompile>
    <CudaCompile Include="window.cu">
      <Filter>src</Filter>
    </CudaCompile>
    <CudaCompile Include="ioniq_exception.cu">
      <Filter>src</Filter>
    </CudaCompile>
    <CudaCompile Include="application.cu">
      <Filter>src</Filter>
    </CudaCompile>
  </ItemGroup>
  <ItemGroup>
    <ClInclude Include="ioniq_windows.h">
      <Filter>include</Filter>
    </ClInclude>
    <ClInclude Include="window.h">
      <Filter>include</Filter>
    </ClInclude>
    <ClInclude Include="ioniq_exception.h">
      <Filter>include</Filter>
    </ClInclude>
    <ClInclude Include="application.h">
      <Filter>include</Filter>
    </ClInclude>
    <ClInclude Include="core.h">
      <Filter>include</Filter>
    </ClInclude>
  </ItemGroup>
</Project>